// !$*UTF8*$!
{
	archiveVersion = 1;
	classes = {
	};
	objectVersion = 77;
	objects = {

/* Begin PBXContainerItemProxy section */
		8A6E5F9E2D25E4930088CE8D /* PBXContainerItemProxy */ = {
			isa = PBXContainerItemProxy;
			containerPortal = 8AC9E9F62D246A5800520FC7 /* Project object */;
			proxyType = 1;
			remoteGlobalIDString = 8AC9E9FD2D246A5800520FC7;
			remoteInfo = event_eru;
		};
		8A6E5FAB2D25E5990088CE8D /* PBXContainerItemProxy */ = {
			isa = PBXContainerItemProxy;
			containerPortal = 8AC9E9F62D246A5800520FC7 /* Project object */;
			proxyType = 1;
			remoteGlobalIDString = 8AC9E9FD2D246A5800520FC7;
			remoteInfo = event_eru;
		};
/* End PBXContainerItemProxy section */

/* Begin PBXFileReference section */
		8A6E5F9A2D25E4930088CE8D /* ContentViewTests.xctest */ = {isa = PBXFileReference; explicitFileType = wrapper.cfbundle; includeInIndex = 0; path = ContentViewTests.xctest; sourceTree = BUILT_PRODUCTS_DIR; };
		8A6E5FA72D25E5990088CE8D /* ContentViewTest.xctest */ = {isa = PBXFileReference; explicitFileType = wrapper.cfbundle; includeInIndex = 0; path = ContentViewTest.xctest; sourceTree = BUILT_PRODUCTS_DIR; };
		8AC9E9FE2D246A5800520FC7 /* event_eru.app */ = {isa = PBXFileReference; explicitFileType = wrapper.application; includeInIndex = 0; path = event_eru.app; sourceTree = BUILT_PRODUCTS_DIR; };
/* End PBXFileReference section */

/* Begin PBXFileSystemSynchronizedRootGroup section */
		8A6E5FA82D25E5990088CE8D /* ContentViewTest */ = {
			isa = PBXFileSystemSynchronizedRootGroup;
			path = ContentViewTest;
			sourceTree = "<group>";
		};
		8AC9EA002D246A5800520FC7 /* event_eru */ = {
			isa = PBXFileSystemSynchronizedRootGroup;
			path = event_eru;
			sourceTree = "<group>";
		};
/* End PBXFileSystemSynchronizedRootGroup section */

/* Begin PBXFrameworksBuildPhase section */
		8A6E5F972D25E4930088CE8D /* Frameworks */ = {
			isa = PBXFrameworksBuildPhase;
			buildActionMask = 2147483647;
			files = (
			);
			runOnlyForDeploymentPostprocessing = 0;
		};
		8A6E5FA42D25E5990088CE8D /* Frameworks */ = {
			isa = PBXFrameworksBuildPhase;
			buildActionMask = 2147483647;
			files = (
			);
			runOnlyForDeploymentPostprocessing = 0;
		};
		8AC9E9FB2D246A5800520FC7 /* Frameworks */ = {
			isa = PBXFrameworksBuildPhase;
			buildActionMask = 2147483647;
			files = (
			);
			runOnlyForDeploymentPostprocessing = 0;
		};
/* End PBXFrameworksBuildPhase section */

/* Begin PBXGroup section */
		8AC9E9F52D246A5800520FC7 = {
			isa = PBXGroup;
			children = (
				8AC9EA002D246A5800520FC7 /* event_eru */,
				8A6E5FA82D25E5990088CE8D /* ContentViewTest */,
				8AC9E9FF2D246A5800520FC7 /* Products */,
			);
			sourceTree = "<group>";
		};
		8AC9E9FF2D246A5800520FC7 /* Products */ = {
			isa = PBXGroup;
			children = (
				8AC9E9FE2D246A5800520FC7 /* event_eru.app */,
				8A6E5F9A2D25E4930088CE8D /* ContentViewTests.xctest */,
				8A6E5FA72D25E5990088CE8D /* ContentViewTest.xctest */,
			);
			name = Products;
			sourceTree = "<group>";
		};
/* End PBXGroup section */

/* Begin PBXNativeTarget section */
		8A6E5F992D25E4930088CE8D /* ContentViewTests */ = {
			isa = PBXNativeTarget;
			buildConfigurationList = 8A6E5FA02D25E4930088CE8D /* Build configuration list for PBXNativeTarget "ContentViewTests" */;
			buildPhases = (
				8A6E5F962D25E4930088CE8D /* Sources */,
				8A6E5F972D25E4930088CE8D /* Frameworks */,
				8A6E5F982D25E4930088CE8D /* Resources */,
			);
			buildRules = (
			);
			dependencies = (
				8A6E5F9F2D25E4930088CE8D /* PBXTargetDependency */,
			);
			name = ContentViewTests;
			packageProductDependencies = (
			);
			productName = ContentViewTests;
			productReference = 8A6E5F9A2D25E4930088CE8D /* ContentViewTests.xctest */;
			productType = "com.apple.product-type.bundle.unit-test";
		};
		8A6E5FA62D25E5990088CE8D /* ContentViewTest */ = {
			isa = PBXNativeTarget;
			buildConfigurationList = 8A6E5FAD2D25E5990088CE8D /* Build configuration list for PBXNativeTarget "ContentViewTest" */;
			buildPhases = (
				8A6E5FA32D25E5990088CE8D /* Sources */,
				8A6E5FA42D25E5990088CE8D /* Frameworks */,
				8A6E5FA52D25E5990088CE8D /* Resources */,
			);
			buildRules = (
			);
			dependencies = (
				8A6E5FAC2D25E5990088CE8D /* PBXTargetDependency */,
			);
			fileSystemSynchronizedGroups = (
				8A6E5FA82D25E5990088CE8D /* ContentViewTest */,
			);
			name = ContentViewTest;
			packageProductDependencies = (
			);
			productName = ContentViewTest;
			productReference = 8A6E5FA72D25E5990088CE8D /* ContentViewTest.xctest */;
			productType = "com.apple.product-type.bundle.unit-test";
		};
		8AC9E9FD2D246A5800520FC7 /* event_eru */ = {
			isa = PBXNativeTarget;
			buildConfigurationList = 8AC9EA0C2D246A5A00520FC7 /* Build configuration list for PBXNativeTarget "event_eru" */;
			buildPhases = (
				8AC9E9FA2D246A5800520FC7 /* Sources */,
				8AC9E9FB2D246A5800520FC7 /* Frameworks */,
				8AC9E9FC2D246A5800520FC7 /* Resources */,
			);
			buildRules = (
			);
			dependencies = (
			);
			fileSystemSynchronizedGroups = (
				8AC9EA002D246A5800520FC7 /* event_eru */,
			);
			name = event_eru;
			packageProductDependencies = (
			);
			productName = event_eru;
			productReference = 8AC9E9FE2D246A5800520FC7 /* event_eru.app */;
			productType = "com.apple.product-type.application";
		};
/* End PBXNativeTarget section */

/* Begin PBXProject section */
		8AC9E9F62D246A5800520FC7 /* Project object */ = {
			isa = PBXProject;
			attributes = {
				BuildIndependentTargetsInParallel = 1;
				LastSwiftUpdateCheck = 1600;
				LastUpgradeCheck = 1600;
				TargetAttributes = {
					8A6E5F992D25E4930088CE8D = {
						CreatedOnToolsVersion = 16.0;
						TestTargetID = 8AC9E9FD2D246A5800520FC7;
					};
					8A6E5FA62D25E5990088CE8D = {
						CreatedOnToolsVersion = 16.0;
						TestTargetID = 8AC9E9FD2D246A5800520FC7;
					};
					8AC9E9FD2D246A5800520FC7 = {
						CreatedOnToolsVersion = 16.0;
					};
				};
			};
			buildConfigurationList = 8AC9E9F92D246A5800520FC7 /* Build configuration list for PBXProject "event_eru" */;
			developmentRegion = en;
			hasScannedForEncodings = 0;
			knownRegions = (
				en,
				Base,
			);
			mainGroup = 8AC9E9F52D246A5800520FC7;
			minimizedProjectReferenceProxies = 1;
			preferredProjectObjectVersion = 77;
			productRefGroup = 8AC9E9FF2D246A5800520FC7 /* Products */;
			projectDirPath = "";
			projectRoot = "";
			targets = (
				8AC9E9FD2D246A5800520FC7 /* event_eru */,
				8A6E5F992D25E4930088CE8D /* ContentViewTests */,
				8A6E5FA62D25E5990088CE8D /* ContentViewTest */,
			);
		};
/* End PBXProject section */

/* Begin PBXResourcesBuildPhase section */
		8A6E5F982D25E4930088CE8D /* Resources */ = {
			isa = PBXResourcesBuildPhase;
			buildActionMask = 2147483647;
			files = (
			);
			runOnlyForDeploymentPostprocessing = 0;
		};
		8A6E5FA52D25E5990088CE8D /* Resources */ = {
			isa = PBXResourcesBuildPhase;
			buildActionMask = 2147483647;
			files = (
			);
			runOnlyForDeploymentPostprocessing = 0;
		};
		8AC9E9FC2D246A5800520FC7 /* Resources */ = {
			isa = PBXResourcesBuildPhase;
			buildActionMask = 2147483647;
			files = (
			);
			runOnlyForDeploymentPostprocessing = 0;
		};
/* End PBXResourcesBuildPhase section */

/* Begin PBXSourcesBuildPhase section */
		8A6E5F962D25E4930088CE8D /* Sources */ = {
			isa = PBXSourcesBuildPhase;
			buildActionMask = 2147483647;
			files = (
			);
			runOnlyForDeploymentPostprocessing = 0;
		};
		8A6E5FA32D25E5990088CE8D /* Sources */ = {
			isa = PBXSourcesBuildPhase;
			buildActionMask = 2147483647;
			files = (
			);
			runOnlyForDeploymentPostprocessing = 0;
		};
		8AC9E9FA2D246A5800520FC7 /* Sources */ = {
			isa = PBXSourcesBuildPhase;
			buildActionMask = 2147483647;
			files = (
			);
			runOnlyForDeploymentPostprocessing = 0;
		};
/* End PBXSourcesBuildPhase section */

/* Begin PBXTargetDependency section */
		8A6E5F9F2D25E4930088CE8D /* PBXTargetDependency */ = {
			isa = PBXTargetDependency;
			target = 8AC9E9FD2D246A5800520FC7 /* event_eru */;
			targetProxy = 8A6E5F9E2D25E4930088CE8D /* PBXContainerItemProxy */;
		};
		8A6E5FAC2D25E5990088CE8D /* PBXTargetDependency */ = {
			isa = PBXTargetDependency;
			target = 8AC9E9FD2D246A5800520FC7 /* event_eru */;
			targetProxy = 8A6E5FAB2D25E5990088CE8D /* PBXContainerItemProxy */;
		};
/* End PBXTargetDependency section */

/* Begin XCBuildConfiguration section */
		8A6E5FA12D25E4930088CE8D /* Debug */ = {
			isa = XCBuildConfiguration;
			buildSettings = {
				BUNDLE_LOADER = "$(TEST_HOST)";
				CODE_SIGN_STYLE = Automatic;
				CURRENT_PROJECT_VERSION = 1;
				GENERATE_INFOPLIST_FILE = YES;
				IPHONEOS_DEPLOYMENT_TARGET = 18.0;
				MACOSX_DEPLOYMENT_TARGET = 15.0;
				MARKETING_VERSION = 1.0;
				PRODUCT_BUNDLE_IDENTIFIER = com.seymagizemsivri.ContentViewTests;
				PRODUCT_NAME = "$(TARGET_NAME)";
				SDKROOT = auto;
				SUPPORTED_PLATFORMS = "iphoneos iphonesimulator macosx xros xrsimulator";
				SWIFT_EMIT_LOC_STRINGS = NO;
				SWIFT_VERSION = 5.0;
				TARGETED_DEVICE_FAMILY = "1,2,7";
				TEST_HOST = "$(BUILT_PRODUCTS_DIR)/event_eru.app/$(BUNDLE_EXECUTABLE_FOLDER_PATH)/event_eru";
				XROS_DEPLOYMENT_TARGET = 2.0;
			};
			name = Debug;
		};
		8A6E5FA22D25E4930088CE8D /* Release */ = {
			isa = XCBuildConfiguration;
			buildSettings = {
				BUNDLE_LOADER = "$(TEST_HOST)";
				CODE_SIGN_STYLE = Automatic;
				CURRENT_PROJECT_VERSION = 1;
				GENERATE_INFOPLIST_FILE = YES;
				IPHONEOS_DEPLOYMENT_TARGET = 18.0;
				MACOSX_DEPLOYMENT_TARGET = 15.0;
				MARKETING_VERSION = 1.0;
				PRODUCT_BUNDLE_IDENTIFIER = com.seymagizemsivri.ContentViewTests;
				PRODUCT_NAME = "$(TARGET_NAME)";
				SDKROOT = auto;
				SUPPORTED_PLATFORMS = "iphoneos iphonesimulator macosx xros xrsimulator";
				SWIFT_EMIT_LOC_STRINGS = NO;
				SWIFT_VERSION = 5.0;
				TARGETED_DEVICE_FAMILY = "1,2,7";
				TEST_HOST = "$(BUILT_PRODUCTS_DIR)/event_eru.app/$(BUNDLE_EXECUTABLE_FOLDER_PATH)/event_eru";
				XROS_DEPLOYMENT_TARGET = 2.0;
			};
			name = Release;
		};
		8A6E5FAE2D25E5990088CE8D /* Debug */ = {
			isa = XCBuildConfiguration;
			buildSettings = {
				BUNDLE_LOADER = "$(TEST_HOST)";
				CODE_SIGN_STYLE = Automatic;
				CURRENT_PROJECT_VERSION = 1;
				GENERATE_INFOPLIST_FILE = YES;
				MARKETING_VERSION = 1.0;
				PRODUCT_BUNDLE_IDENTIFIER = com.seymagizemsivri.ContentViewTest;
				PRODUCT_NAME = "$(TARGET_NAME)";
				SWIFT_EMIT_LOC_STRINGS = NO;
				SWIFT_VERSION = 5.0;
				TARGETED_DEVICE_FAMILY = "1,2";
				TEST_HOST = "$(BUILT_PRODUCTS_DIR)/event_eru.app/$(BUNDLE_EXECUTABLE_FOLDER_PATH)/event_eru";
			};
			name = Debug;
		};
		8A6E5FAF2D25E5990088CE8D /* Release */ = {
			isa = XCBuildConfiguration;
			buildSettings = {
				BUNDLE_LOADER = "$(TEST_HOST)";
				CODE_SIGN_STYLE = Automatic;
				CURRENT_PROJECT_VERSION = 1;
				GENERATE_INFOPLIST_FILE = YES;
				MARKETING_VERSION = 1.0;
				PRODUCT_BUNDLE_IDENTIFIER = com.seymagizemsivri.ContentViewTest;
				PRODUCT_NAME = "$(TARGET_NAME)";
				SWIFT_EMIT_LOC_STRINGS = NO;
				SWIFT_VERSION = 5.0;
				TARGETED_DEVICE_FAMILY = "1,2";
				TEST_HOST = "$(BUILT_PRODUCTS_DIR)/event_eru.app/$(BUNDLE_EXECUTABLE_FOLDER_PATH)/event_eru";
			};
			name = Release;
		};
		8AC9EA0A2D246A5A00520FC7 /* Debug */ = {
			isa = XCBuildConfiguration;
			buildSettings = {
				ALWAYS_SEARCH_USER_PATHS = NO;
				ASSETCATALOG_COMPILER_GENERATE_SWIFT_ASSET_SYMBOL_EXTENSIONS = YES;
				CLANG_ANALYZER_NONNULL = YES;
				CLANG_ANALYZER_NUMBER_OBJECT_CONVERSION = YES_AGGRESSIVE;
				CLANG_CXX_LANGUAGE_STANDARD = "gnu++20";
				CLANG_ENABLE_MODULES = YES;
				CLANG_ENABLE_OBJC_ARC = YES;
				CLANG_ENABLE_OBJC_WEAK = YES;
				CLANG_WARN_BLOCK_CAPTURE_AUTORELEASING = YES;
				CLANG_WARN_BOOL_CONVERSION = YES;
				CLANG_WARN_COMMA = YES;
				CLANG_WARN_CONSTANT_CONVERSION = YES;
				CLANG_WARN_DEPRECATED_OBJC_IMPLEMENTATIONS = YES;
				CLANG_WARN_DIRECT_OBJC_ISA_USAGE = YES_ERROR;
				CLANG_WARN_DOCUMENTATION_COMMENTS = YES;
				CLANG_WARN_EMPTY_BODY = YES;
				CLANG_WARN_ENUM_CONVERSION = YES;
				CLANG_WARN_INFINITE_RECURSION = YES;
				CLANG_WARN_INT_CONVERSION = YES;
				CLANG_WARN_NON_LITERAL_NULL_CONVERSION = YES;
				CLANG_WARN_OBJC_IMPLICIT_RETAIN_SELF = YES;
				CLANG_WARN_OBJC_LITERAL_CONVERSION = YES;
				CLANG_WARN_OBJC_ROOT_CLASS = YES_ERROR;
				CLANG_WARN_QUOTED_INCLUDE_IN_FRAMEWORK_HEADER = YES;
				CLANG_WARN_RANGE_LOOP_ANALYSIS = YES;
				CLANG_WARN_STRICT_PROTOTYPES = YES;
				CLANG_WARN_SUSPICIOUS_MOVE = YES;
				CLANG_WARN_UNGUARDED_AVAILABILITY = YES_AGGRESSIVE;
				CLANG_WARN_UNREACHABLE_CODE = YES;
				CLANG_WARN__DUPLICATE_METHOD_MATCH = YES;
				COPY_PHASE_STRIP = NO;
				DEBUG_INFORMATION_FORMAT = dwarf;
				ENABLE_STRICT_OBJC_MSGSEND = YES;
				ENABLE_TESTABILITY = YES;
				ENABLE_USER_SCRIPT_SANDBOXING = YES;
				GCC_C_LANGUAGE_STANDARD = gnu17;
				GCC_DYNAMIC_NO_PIC = NO;
				GCC_NO_COMMON_BLOCKS = YES;
				GCC_OPTIMIZATION_LEVEL = 0;
				GCC_PREPROCESSOR_DEFINITIONS = (
					"DEBUG=1",
					"$(inherited)",
				);
				GCC_WARN_64_TO_32_BIT_CONVERSION = YES;
				GCC_WARN_ABOUT_RETURN_TYPE = YES_ERROR;
				GCC_WARN_UNDECLARED_SELECTOR = YES;
				GCC_WARN_UNINITIALIZED_AUTOS = YES_AGGRESSIVE;
				GCC_WARN_UNUSED_FUNCTION = YES;
				GCC_WARN_UNUSED_VARIABLE = YES;
				IPHONEOS_DEPLOYMENT_TARGET = 18.0;
				LOCALIZATION_PREFERS_STRING_CATALOGS = YES;
				MTL_ENABLE_DEBUG_INFO = INCLUDE_SOURCE;
				MTL_FAST_MATH = YES;
				ONLY_ACTIVE_ARCH = YES;
				SDKROOT = iphoneos;
				SWIFT_ACTIVE_COMPILATION_CONDITIONS = "DEBUG $(inherited)";
				SWIFT_OPTIMIZATION_LEVEL = "-Onone";
			};
			name = Debug;
		};
		8AC9EA0B2D246A5A00520FC7 /* Release */ = {
			isa = XCBuildConfiguration;
			buildSettings = {
				ALWAYS_SEARCH_USER_PATHS = NO;
				ASSETCATALOG_COMPILER_GENERATE_SWIFT_ASSET_SYMBOL_EXTENSIONS = YES;
				CLANG_ANALYZER_NONNULL = YES;
				CLANG_ANALYZER_NUMBER_OBJECT_CONVERSION = YES_AGGRESSIVE;
				CLANG_CXX_LANGUAGE_STANDARD = "gnu++20";
				CLANG_ENABLE_MODULES = YES;
				CLANG_ENABLE_OBJC_ARC = YES;
				CLANG_ENABLE_OBJC_WEAK = YES;
				CLANG_WARN_BLOCK_CAPTURE_AUTORELEASING = YES;
				CLANG_WARN_BOOL_CONVERSION = YES;
				CLANG_WARN_COMMA = YES;
				CLANG_WARN_CONSTANT_CONVERSION = YES;
				CLANG_WARN_DEPRECATED_OBJC_IMPLEMENTATIONS = YES;
				CLANG_WARN_DIRECT_OBJC_ISA_USAGE = YES_ERROR;
				CLANG_WARN_DOCUMENTATION_COMMENTS = YES;
				CLANG_WARN_EMPTY_BODY = YES;
				CLANG_WARN_ENUM_CONVERSION = YES;
				CLANG_WARN_INFINITE_RECURSION = YES;
				CLANG_WARN_INT_CONVERSION = YES;
				CLANG_WARN_NON_LITERAL_NULL_CONVERSION = YES;
				CLANG_WARN_OBJC_IMPLICIT_RETAIN_SELF = YES;
				CLANG_WARN_OBJC_LITERAL_CONVERSION = YES;
				CLANG_WARN_OBJC_ROOT_CLASS = YES_ERROR;
				CLANG_WARN_QUOTED_INCLUDE_IN_FRAMEWORK_HEADER = YES;
				CLANG_WARN_RANGE_LOOP_ANALYSIS = YES;
				CLANG_WARN_STRICT_PROTOTYPES = YES;
				CLANG_WARN_SUSPICIOUS_MOVE = YES;
				CLANG_WARN_UNGUARDED_AVAILABILITY = YES_AGGRESSIVE;
				CLANG_WARN_UNREACHABLE_CODE = YES;
				CLANG_WARN__DUPLICATE_METHOD_MATCH = YES;
				COPY_PHASE_STRIP = NO;
				DEBUG_INFORMATION_FORMAT = "dwarf-with-dsym";
				ENABLE_NS_ASSERTIONS = NO;
				ENABLE_STRICT_OBJC_MSGSEND = YES;
				ENABLE_USER_SCRIPT_SANDBOXING = YES;
				GCC_C_LANGUAGE_STANDARD = gnu17;
				GCC_NO_COMMON_BLOCKS = YES;
				GCC_WARN_64_TO_32_BIT_CONVERSION = YES;
				GCC_WARN_ABOUT_RETURN_TYPE = YES_ERROR;
				GCC_WARN_UNDECLARED_SELECTOR = YES;
				GCC_WARN_UNINITIALIZED_AUTOS = YES_AGGRESSIVE;
				GCC_WARN_UNUSED_FUNCTION = YES;
				GCC_WARN_UNUSED_VARIABLE = YES;
				IPHONEOS_DEPLOYMENT_TARGET = 18.0;
				LOCALIZATION_PREFERS_STRING_CATALOGS = YES;
				MTL_ENABLE_DEBUG_INFO = NO;
				MTL_FAST_MATH = YES;
				SDKROOT = iphoneos;
				SWIFT_COMPILATION_MODE = wholemodule;
				VALIDATE_PRODUCT = YES;
			};
			name = Release;
		};
		8AC9EA0D2D246A5A00520FC7 /* Debug */ = {
			isa = XCBuildConfiguration;
			buildSettings = {
				ASSETCATALOG_COMPILER_APPICON_NAME = AppIcon;
				ASSETCATALOG_COMPILER_GLOBAL_ACCENT_COLOR_NAME = AccentColor;
				CODE_SIGN_STYLE = Automatic;
				CURRENT_PROJECT_VERSION = 1;
				DEVELOPMENT_ASSET_PATHS = "\"event_eru/Preview Content\"";
				DEVELOPMENT_TEAM = W5CW6P9XGW;
				ENABLE_PREVIEWS = YES;
				GENERATE_INFOPLIST_FILE = YES;
				INFOPLIST_KEY_UIApplicationSceneManifest_Generation = YES;
				INFOPLIST_KEY_UIApplicationSupportsIndirectInputEvents = YES;
				INFOPLIST_KEY_UILaunchScreen_Generation = YES;
				INFOPLIST_KEY_UISupportedInterfaceOrientations_iPad = "UIInterfaceOrientationPortrait UIInterfaceOrientationPortraitUpsideDown UIInterfaceOrientationLandscapeLeft UIInterfaceOrientationLandscapeRight";
				INFOPLIST_KEY_UISupportedInterfaceOrientations_iPhone = "UIInterfaceOrientationPortrait UIInterfaceOrientationLandscapeLeft UIInterfaceOrientationLandscapeRight";
				LD_RUNPATH_SEARCH_PATHS = (
					"$(inherited)",
					"@executable_path/Frameworks",
				);
				MARKETING_VERSION = 1.0;
				PRODUCT_BUNDLE_IDENTIFIER = "com.seymagizemsivri.event-eru";
				PRODUCT_NAME = "$(TARGET_NAME)";
				SWIFT_EMIT_LOC_STRINGS = YES;
				SWIFT_VERSION = 5.0;
				TARGETED_DEVICE_FAMILY = "1,2";
			};
			name = Debug;
		};
		8AC9EA0E2D246A5A00520FC7 /* Release */ = {
			isa = XCBuildConfiguration;
			buildSettings = {
				ASSETCATALOG_COMPILER_APPICON_NAME = AppIcon;
				ASSETCATALOG_COMPILER_GLOBAL_ACCENT_COLOR_NAME = AccentColor;
				CODE_SIGN_STYLE = Automatic;
				CURRENT_PROJECT_VERSION = 1;
				DEVELOPMENT_ASSET_PATHS = "\"event_eru/Preview Content\"";
				DEVELOPMENT_TEAM = W5CW6P9XGW;
				ENABLE_PREVIEWS = YES;
				GENERATE_INFOPLIST_FILE = YES;
				INFOPLIST_KEY_UIApplicationSceneManifest_Generation = YES;
				INFOPLIST_KEY_UIApplicationSupportsIndirectInputEvents = YES;
				INFOPLIST_KEY_UILaunchScreen_Generation = YES;
				INFOPLIST_KEY_UISupportedInterfaceOrientations_iPad = "UIInterfaceOrientationPortrait UIInterfaceOrientationPortraitUpsideDown UIInterfaceOrientationLandscapeLeft UIInterfaceOrientationLandscapeRight";
				INFOPLIST_KEY_UISupportedInterfaceOrientations_iPhone = "UIInterfaceOrientationPortrait UIInterfaceOrientationLandscapeLeft UIInterfaceOrientationLandscapeRight";
				LD_RUNPATH_SEARCH_PATHS = (
					"$(inherited)",
					"@executable_path/Frameworks",
				);
				MARKETING_VERSION = 1.0;
				PRODUCT_BUNDLE_IDENTIFIER = "com.seymagizemsivri.event-eru";
				PRODUCT_NAME = "$(TARGET_NAME)";
				SWIFT_EMIT_LOC_STRINGS = YES;
				SWIFT_VERSION = 5.0;
				TARGETED_DEVICE_FAMILY = "1,2";
			};
			name = Release;
		};
/* End XCBuildConfiguration section */

/* Begin XCConfigurationList section */
		8A6E5FA02D25E4930088CE8D /* Build configuration list for PBXNativeTarget "ContentViewTests" */ = {
			isa = XCConfigurationList;
			buildConfigurations = (
				8A6E5FA12D25E4930088CE8D /* Debug */,
				8A6E5FA22D25E4930088CE8D /* Release */,
			);
			defaultConfigurationIsVisible = 0;
			defaultConfigurationName = Release;
		};
		8A6E5FAD2D25E5990088CE8D /* Build configuration list for PBXNativeTarget "ContentViewTest" */ = {
			isa = XCConfigurationList;
			buildConfigurations = (
				8A6E5FAE2D25E5990088CE8D /* Debug */,
				8A6E5FAF2D25E5990088CE8D /* Release */,
			);
			defaultConfigurationIsVisible = 0;
			defaultConfigurationName = Release;
		};
		8AC9E9F92D246A5800520FC7 /* Build configuration list for PBXProject "event_eru" */ = {
			isa = XCConfigurationList;
			buildConfigurations = (
				8AC9EA0A2D246A5A00520FC7 /* Debug */,
				8AC9EA0B2D246A5A00520FC7 /* Release */,
			);
			defaultConfigurationIsVisible = 0;
			defaultConfigurationName = Release;
		};
		8AC9EA0C2D246A5A00520FC7 /* Build configuration list for PBXNativeTarget "event_eru" */ = {
			isa = XCConfigurationList;
			buildConfigurations = (
				8AC9EA0D2D246A5A00520FC7 /* Debug */,
				8AC9EA0E2D246A5A00520FC7 /* Release */,
			);
			defaultConfigurationIsVisible = 0;
			defaultConfigurationName = Release;
		};
/* End XCConfigurationList section */
	};
	rootObject = 8AC9E9F62D246A5800520FC7 /* Project object */;
}
